
Microsoft Visual Studio Solution File, Format Version 12.00
# Visual Studio Version 16
VisualStudioVersion = 16.0.29123.89
MinimumVisualStudioVersion = 10.0.40219.1
Project("{888888A0-9F3D-457C-B088-3A5042F75D52}") = "rpirobot", "rpirobot\rpirobot.pyproj", "{8D842DD7-202D-42CF-8BAB-767EA8D14A16}"
EndProject
Global
	GlobalSection(SolutionConfigurationPlatforms) = preSolution
		Debug|Any CPU = Debug|Any CPU
		Release|Any CPU = Release|Any CPU
	EndGlobalSection
	GlobalSection(ProjectConfigurationPlatforms) = postSolution
		{8D842DD7-202D-42CF-8BAB-767EA8D14A16}.Debug|Any CPU.ActiveCfg = Debug|Any CPU
		{8D842DD7-202D-42CF-8BAB-767EA8D14A16}.Release|Any CPU.ActiveCfg = Release|Any CPU
	EndGlobalSection
	GlobalSection(SolutionProperties) = preSolution
		HideSolutionNode = FALSE
	EndGlobalSection
	GlobalSection(ExtensibilityGlobals) = postSolution
		SolutionGuid = {D2656338-64A1-47A9-B89D-E94E025CED72}
	EndGlobalSection
EndGlobal
